
Microsoft Visual Studio Solution File, Format Version 12.00
# Visual Studio Version 17
VisualStudioVersion = 17.7.34003.232
MinimumVisualStudioVersion = 10.0.40219.1
Project("{FAE04EC0-301F-11D3-BF4B-00C04F79EFBC}") = "MovieWeb", "MovieWeb\MovieWeb.csproj", "{8D7A7FDA-DC55-4151-9D74-4030037CBA02}"
EndProject
Global
	GlobalSection(SolutionConfigurationPlatforms) = preSolution
		Debug|Any CPU = Debug|Any CPU
		Release|Any CPU = Release|Any CPU
	EndGlobalSection
	GlobalSection(ProjectConfigurationPlatforms) = postSolution
		{8D7A7FDA-DC55-4151-9D74-4030037CBA02}.Debug|Any CPU.ActiveCfg = Debug|Any CPU
		{8D7A7FDA-DC55-4151-9D74-4030037CBA02}.Debug|Any CPU.Build.0 = Debug|Any CPU
		{8D7A7FDA-DC55-4151-9D74-4030037CBA02}.Release|Any CPU.ActiveCfg = Release|Any CPU
		{8D7A7FDA-DC55-4151-9D74-4030037CBA02}.Release|Any CPU.Build.0 = Release|Any CPU
	EndGlobalSection
	GlobalSection(SolutionProperties) = preSolution
		HideSolutionNode = FALSE
	EndGlobalSection
	GlobalSection(ExtensibilityGlobals) = postSolution
		SolutionGuid = {5E2E0C3C-177F-487C-AE9D-C67867477B5E}
	EndGlobalSection
EndGlobal
